
Microsoft Visual Studio Solution File, Format Version 12.00
# Visual Studio Version 16
VisualStudioVersion = 16.0.32106.194
MinimumVisualStudioVersion = 10.0.40219.1
Project("{FAE04EC0-301F-11D3-BF4B-00C04F79EFBC}") = "ListaDiretorios", "ListaDiretorios\ListaDiretorios.csproj", "{F4687998-8F13-44BA-98B5-E47BBB270216}"
EndProject
Global
	GlobalSection(SolutionConfigurationPlatforms) = preSolution
		Debug|Any CPU = Debug|Any CPU
		Release|Any CPU = Release|Any CPU
	EndGlobalSection
	GlobalSection(ProjectConfigurationPlatforms) = postSolution
		{F4687998-8F13-44BA-98B5-E47BBB270216}.Debug|Any CPU.ActiveCfg = Debug|Any CPU
		{F4687998-8F13-44BA-98B5-E47BBB270216}.Debug|Any CPU.Build.0 = Debug|Any CPU
		{F4687998-8F13-44BA-98B5-E47BBB270216}.Release|Any CPU.ActiveCfg = Release|Any CPU
		{F4687998-8F13-44BA-98B5-E47BBB270216}.Release|Any CPU.Build.0 = Release|Any CPU
	EndGlobalSection
	GlobalSection(SolutionProperties) = preSolution
		HideSolutionNode = FALSE
	EndGlobalSection
	GlobalSection(ExtensibilityGlobals) = postSolution
		SolutionGuid = {9D64F516-3C34-44D2-856B-93DDFE7F992A}
	EndGlobalSection
EndGlobal
